// !$*UTF8*$!
{
	archiveVersion = 1;
	classes = {
	};
	objectVersion = 46;
	objects = {

/* Begin PBXBuildFile section */
		1D3623EC0D0F72F000981E51 /* CoreGraphics.framework in Frameworks */ = {isa = PBXBuildFile; fileRef = 1D3623EB0D0F72F000981E51 /* CoreGraphics.framework */; };
		1D60589F0D05DD5A006BFB54 /* Foundation.framework in Frameworks */ = {isa = PBXBuildFile; fileRef = 1D30AB110D05D00D00671497 /* Foundation.framework */; };
		1DF5F4E00D08C38300B7A737 /* UIKit.framework in Frameworks */ = {isa = PBXBuildFile; fileRef = 1DF5F4DF0D08C38300B7A737 /* UIKit.framework */; };
		495E1A1A1E13199A0022E4AA /* launchdialog.m in Sources */ = {isa = PBXBuildFile; fileRef = 495E1A191E13199A0022E4AA /* launchdialog.m */; };
		4981975F1E15858D004ED6F3 /* menu in Frameworks */ = {isa = PBXBuildFile; fileRef = 4981975C1E15858D004ED6F3 /* menu */; };
		498197621E15880F004ED6F3 /* client in Resources */ = {isa = PBXBuildFile; fileRef = 4981975B1E15858D004ED6F3 /* client */; };
		498197631E15881C004ED6F3 /* menu in Resources */ = {isa = PBXBuildFile; fileRef = 4981975C1E15858D004ED6F3 /* menu */; };
		498197641E15881C004ED6F3 /* server in Resources */ = {isa = PBXBuildFile; fileRef = 4981975D1E15858D004ED6F3 /* server */; };
		498197661E158C0A004ED6F3 /* extras.pak in Resources */ = {isa = PBXBuildFile; fileRef = 498197651E158C0A004ED6F3 /* extras.pak */; };
		498197711E17BB65004ED6F3 /* extras_cstrike.pak in Resources */ = {isa = PBXBuildFile; fileRef = 498197701E17BB65004ED6F3 /* extras_cstrike.pak */; };
		498CCAAC1E155F1F00299D38 /* ftp_commands.plist in Resources */ = {isa = PBXBuildFile; fileRef = 498CCAAB1E155F1F00299D38 /* ftp_commands.plist */; };
		498CCAB91E155F5D00299D38 /* AsyncSocket.m in Sources */ = {isa = PBXBuildFile; fileRef = 498CCAB11E155F5D00299D38 /* AsyncSocket.m */; };
		498CCABA1E155F5D00299D38 /* FtpConnection.m in Sources */ = {isa = PBXBuildFile; fileRef = 498CCAB31E155F5D00299D38 /* FtpConnection.m */; };
		498CCABB1E155F5D00299D38 /* FtpDataConnection.m in Sources */ = {isa = PBXBuildFile; fileRef = 498CCAB51E155F5D00299D38 /* FtpDataConnection.m */; };
		498CCABC1E155F5D00299D38 /* FtpServer.m in Sources */ = {isa = PBXBuildFile; fileRef = 498CCAB81E155F5D00299D38 /* FtpServer.m */; };
		498CCAC11E155F6D00299D38 /* list.m in Sources */ = {isa = PBXBuildFile; fileRef = 498CCABE1E155F6D00299D38 /* list.m */; };
		498CCAC21E155F6D00299D38 /* NetworkController.m in Sources */ = {isa = PBXBuildFile; fileRef = 498CCAC01E155F6D00299D38 /* NetworkController.m */; };
		498CCAC41E15618F00299D38 /* SystemConfiguration.framework in Frameworks */ = {isa = PBXBuildFile; fileRef = 498CCAC31E15618F00299D38 /* SystemConfiguration.framework */; };
		498CCAC61E1561AD00299D38 /* CFNetwork.framework in Frameworks */ = {isa = PBXBuildFile; fileRef = 498CCAC51E1561AD00299D38 /* CFNetwork.framework */; };
		49BD69CD1E12FAC8004904A9 /* Default@2x.png in Resources */ = {isa = PBXBuildFile; fileRef = 49BD69CA1E12FAC8004904A9 /* Default@2x.png */; };
		49BD69CE1E12FAC8004904A9 /* Default@2x~ipad.png in Resources */ = {isa = PBXBuildFile; fileRef = 49BD69CB1E12FAC8004904A9 /* Default@2x~ipad.png */; };
		49BD69CF1E12FAC8004904A9 /* Default~ipad.png in Resources */ = {isa = PBXBuildFile; fileRef = 49BD69CC1E12FAC8004904A9 /* Default~ipad.png */; };
		49C052E7207984140006C0D7 /* Launch~iphone.nib in Resources */ = {isa = PBXBuildFile; fileRef = 49C052E6207984140006C0D7 /* Launch~iphone.nib */; };
		49C052E8207984460006C0D7 /* Launch~ipad.nib in Resources */ = {isa = PBXBuildFile; fileRef = 49C052E5207984000006C0D7 /* Launch~ipad.nib */; };
		49C4D60720781DAB00855677 /* GameController.framework in Frameworks */ = {isa = PBXBuildFile; fileRef = FAE0E9691BAF96A00098DFA4 /* GameController.framework */; settings = {ATTRIBUTES = (Weak, ); }; };
		FA8B4BA31967070A00F8EB7C /* CoreMotion.framework in Frameworks */ = {isa = PBXBuildFile; fileRef = FA8B4BA21967070A00F8EB7C /* CoreMotion.framework */; };
		FABA34D41D8B5E5600915323 /* AVFoundation.framework in Frameworks */ = {isa = PBXBuildFile; fileRef = FABA34D31D8B5E5600915323 /* AVFoundation.framework */; };
		FD1B48DD0E313255007AB34E /* libSDL2.a in Frameworks */ = {isa = PBXBuildFile; fileRef = FD1B489E0E313154007AB34E /* libSDL2.a */; };
		FD787AA20E22A5CC003E8E36 /* Default.png in Resources */ = {isa = PBXBuildFile; fileRef = FD787AA00E22A5CC003E8E36 /* Default.png */; };
		FD925B1B0E0F276600E92347 /* Icon.png in Resources */ = {isa = PBXBuildFile; fileRef = FD925B180E0F276600E92347 /* Icon.png */; };
		FDB96ED40DEFC9C700FAF19F /* OpenGLES.framework in Frameworks */ = {isa = PBXBuildFile; fileRef = FDB96ED30DEFC9C700FAF19F /* OpenGLES.framework */; };
		FDB96EE00DEFC9DC00FAF19F /* QuartzCore.framework in Frameworks */ = {isa = PBXBuildFile; fileRef = FDB96EDF0DEFC9DC00FAF19F /* QuartzCore.framework */; };
		FDF0D7AB0E12D53800247964 /* CoreAudio.framework in Frameworks */ = {isa = PBXBuildFile; fileRef = FDF0D71D0E12D2AB00247964 /* CoreAudio.framework */; };
		FDF0D7AC0E12D53800247964 /* AudioToolbox.framework in Frameworks */ = {isa = PBXBuildFile; fileRef = FDF0D7220E12D31800247964 /* AudioToolbox.framework */; };
/* End PBXBuildFile section */

/* Begin PBXContainerItemProxy section */
		049F3694130CD86800FF080F /* PBXContainerItemProxy */ = {
			isa = PBXContainerItemProxy;
			containerPortal = FD1B48920E313154007AB34E /* SDL.xcodeproj */;
			proxyType = 1;
			remoteGlobalIDString = FD6526620DE8FCCB002AD96B;
			remoteInfo = libSDL;
		};
		FA30DEAB1BBF59D9009C397F /* PBXContainerItemProxy */ = {
			isa = PBXContainerItemProxy;
			containerPortal = FD1B48920E313154007AB34E /* SDL.xcodeproj */;
			proxyType = 2;
			remoteGlobalIDString = FAB598141BB5C1B100BE72C5;
			remoteInfo = "libSDL-tv";
		};
		FD1B489D0E313154007AB34E /* PBXContainerItemProxy */ = {
			isa = PBXContainerItemProxy;
			containerPortal = FD1B48920E313154007AB34E /* SDL.xcodeproj */;
			proxyType = 2;
			remoteGlobalIDString = FD6526630DE8FCCB002AD96B;
			remoteInfo = StaticLib;
		};
/* End PBXContainerItemProxy section */

/* Begin PBXFileReference section */
		1D30AB110D05D00D00671497 /* Foundation.framework */ = {isa = PBXFileReference; lastKnownFileType = wrapper.framework; name = Foundation.framework; path = System/Library/Frameworks/Foundation.framework; sourceTree = SDKROOT; };
		1D3623EB0D0F72F000981E51 /* CoreGraphics.framework */ = {isa = PBXFileReference; lastKnownFileType = wrapper.framework; name = CoreGraphics.framework; path = System/Library/Frameworks/CoreGraphics.framework; sourceTree = SDKROOT; };
		1D6058910D05DD3D006BFB54 /* xash3d-ios.app */ = {isa = PBXFileReference; explicitFileType = wrapper.application; includeInIndex = 0; path = "xash3d-ios.app"; sourceTree = BUILT_PRODUCTS_DIR; };
		1DF5F4DF0D08C38300B7A737 /* UIKit.framework */ = {isa = PBXFileReference; lastKnownFileType = wrapper.framework; name = UIKit.framework; path = System/Library/Frameworks/UIKit.framework; sourceTree = SDKROOT; };
		4933F8D620797AEE00D36ADC /* dummy.c */ = {isa = PBXFileReference; fileEncoding = 4; lastKnownFileType = sourcecode.c.c; path = dummy.c; sourceTree = "<group>"; };
		495E1A191E13199A0022E4AA /* launchdialog.m */ = {isa = PBXFileReference; fileEncoding = 4; lastKnownFileType = sourcecode.c.objc; path = launchdialog.m; sourceTree = "<group>"; };
		4981975B1E15858D004ED6F3 /* client */ = {isa = PBXFileReference; explicitFileType = "compiled.mach-o"; path = client; sourceTree = "<group>"; };
		4981975C1E15858D004ED6F3 /* menu */ = {isa = PBXFileReference; explicitFileType = "compiled.mach-o"; path = menu; sourceTree = "<group>"; };
		4981975D1E15858D004ED6F3 /* server */ = {isa = PBXFileReference; explicitFileType = "compiled.mach-o"; path = server; sourceTree = "<group>"; };
		498197651E158C0A004ED6F3 /* extras.pak */ = {isa = PBXFileReference; lastKnownFileType = file; path = extras.pak; sourceTree = "<group>"; };
		498197701E17BB65004ED6F3 /* extras_cstrike.pak */ = {isa = PBXFileReference; lastKnownFileType = file; path = extras_cstrike.pak; sourceTree = "<group>"; };
		498CCAAB1E155F1F00299D38 /* ftp_commands.plist */ = {isa = PBXFileReference; fileEncoding = 4; lastKnownFileType = text.plist.xml; path = ftp_commands.plist; sourceTree = "<group>"; };
		498CCAB01E155F5D00299D38 /* AsyncSocket.h */ = {isa = PBXFileReference; fileEncoding = 4; lastKnownFileType = sourcecode.c.h; path = AsyncSocket.h; sourceTree = "<group>"; };
		498CCAB11E155F5D00299D38 /* AsyncSocket.m */ = {isa = PBXFileReference; fileEncoding = 4; lastKnownFileType = sourcecode.c.objc; path = AsyncSocket.m; sourceTree = "<group>"; };
		498CCAB21E155F5D00299D38 /* FtpConnection.h */ = {isa = PBXFileReference; fileEncoding = 4; lastKnownFileType = sourcecode.c.h; path = FtpConnection.h; sourceTree = "<group>"; };
		498CCAB31E155F5D00299D38 /* FtpConnection.m */ = {isa = PBXFileReference; fileEncoding = 4; lastKnownFileType = sourcecode.c.objc; path = FtpConnection.m; sourceTree = "<group>"; };
		498CCAB41E155F5D00299D38 /* FtpDataConnection.h */ = {isa = PBXFileReference; fileEncoding = 4; lastKnownFileType = sourcecode.c.h; path = FtpDataConnection.h; sourceTree = "<group>"; };
		498CCAB51E155F5D00299D38 /* FtpDataConnection.m */ = {isa = PBXFileReference; fileEncoding = 4; lastKnownFileType = sourcecode.c.objc; path = FtpDataConnection.m; sourceTree = "<group>"; };
		498CCAB61E155F5D00299D38 /* FtpDefines.h */ = {isa = PBXFileReference; fileEncoding = 4; lastKnownFileType = sourcecode.c.h; path = FtpDefines.h; sourceTree = "<group>"; };
		498CCAB71E155F5D00299D38 /* FtpServer.h */ = {isa = PBXFileReference; fileEncoding = 4; lastKnownFileType = sourcecode.c.h; path = FtpServer.h; sourceTree = "<group>"; };
		498CCAB81E155F5D00299D38 /* FtpServer.m */ = {isa = PBXFileReference; fileEncoding = 4; lastKnownFileType = sourcecode.c.objc; path = FtpServer.m; sourceTree = "<group>"; };
		498CCABD1E155F6D00299D38 /* list.h */ = {isa = PBXFileReference; fileEncoding = 4; lastKnownFileType = sourcecode.c.h; path = list.h; sourceTree = "<group>"; };
		498CCABE1E155F6D00299D38 /* list.m */ = {isa = PBXFileReference; fileEncoding = 4; lastKnownFileType = sourcecode.c.objc; path = list.m; sourceTree = "<group>"; };
		498CCABF1E155F6D00299D38 /* NetworkController.h */ = {isa = PBXFileReference; fileEncoding = 4; lastKnownFileType = sourcecode.c.h; path = NetworkController.h; sourceTree = "<group>"; };
		498CCAC01E155F6D00299D38 /* NetworkController.m */ = {isa = PBXFileReference; fileEncoding = 4; lastKnownFileType = sourcecode.c.objc; path = NetworkController.m; sourceTree = "<group>"; };
		498CCAC31E15618F00299D38 /* SystemConfiguration.framework */ = {isa = PBXFileReference; lastKnownFileType = wrapper.framework; name = SystemConfiguration.framework; path = System/Library/Frameworks/SystemConfiguration.framework; sourceTree = SDKROOT; };
		498CCAC51E1561AD00299D38 /* CFNetwork.framework */ = {isa = PBXFileReference; lastKnownFileType = wrapper.framework; name = CFNetwork.framework; path = System/Library/Frameworks/CFNetwork.framework; sourceTree = SDKROOT; };
		499F35212079299E00998405 /* Launch.xib */ = {isa = PBXFileReference; fileEncoding = 4; lastKnownFileType = file.xib; path = Launch.xib; sourceTree = "<group>"; };
		49BD69CA1E12FAC8004904A9 /* Default@2x.png */ = {isa = PBXFileReference; lastKnownFileType = image.png; path = "Default@2x.png"; sourceTree = "<group>"; };
		49BD69CB1E12FAC8004904A9 /* Default@2x~ipad.png */ = {isa = PBXFileReference; lastKnownFileType = image.png; path = "Default@2x~ipad.png"; sourceTree = "<group>"; };
		49BD69CC1E12FAC8004904A9 /* Default~ipad.png */ = {isa = PBXFileReference; lastKnownFileType = image.png; path = "Default~ipad.png"; sourceTree = "<group>"; };
		49C052E1207983D10006C0D7 /* nibs */ = {isa = PBXFileReference; lastKnownFileType = folder; path = nibs; sourceTree = "<group>"; };
		49C052E5207984000006C0D7 /* Launch~ipad.nib */ = {isa = PBXFileReference; lastKnownFileType = wrapper.nib; name = "Launch~ipad.nib"; path = "nibs/Launch~ipad.nib"; sourceTree = "<group>"; };
		49C052E6207984140006C0D7 /* Launch~iphone.nib */ = {isa = PBXFileReference; lastKnownFileType = wrapper.nib; name = "Launch~iphone.nib"; path = "nibs/Launch~iphone.nib"; sourceTree = "<group>"; };
		8D1107310486CEB800E47090 /* Info.plist */ = {isa = PBXFileReference; fileEncoding = 4; lastKnownFileType = text.plist.xml; path = Info.plist; sourceTree = "<group>"; };
		FA8B4BA21967070A00F8EB7C /* CoreMotion.framework */ = {isa = PBXFileReference; lastKnownFileType = wrapper.framework; name = CoreMotion.framework; path = System/Library/Frameworks/CoreMotion.framework; sourceTree = SDKROOT; };
		FABA34D31D8B5E5600915323 /* AVFoundation.framework */ = {isa = PBXFileReference; lastKnownFileType = wrapper.framework; name = AVFoundation.framework; path = System/Library/Frameworks/AVFoundation.framework; sourceTree = SDKROOT; };
		FABA34D71D8B5E7700915323 /* AVFoundation.framework */ = {isa = PBXFileReference; lastKnownFileType = wrapper.framework; name = AVFoundation.framework; path = Platforms/AppleTVOS.platform/Developer/SDKs/AppleTVOS10.0.sdk/System/Library/Frameworks/AVFoundation.framework; sourceTree = DEVELOPER_DIR; };
		FAE0E9691BAF96A00098DFA4 /* GameController.framework */ = {isa = PBXFileReference; lastKnownFileType = wrapper.framework; name = GameController.framework; path = System/Library/Frameworks/GameController.framework; sourceTree = SDKROOT; };
		FD1B48920E313154007AB34E /* SDL.xcodeproj */ = {isa = PBXFileReference; lastKnownFileType = "wrapper.pb-project"; name = SDL.xcodeproj; path = "SDL/Xcode-iOS/SDL/SDL.xcodeproj"; sourceTree = SOURCE_ROOT; };
		FD787AA00E22A5CC003E8E36 /* Default.png */ = {isa = PBXFileReference; lastKnownFileType = image.png; path = Default.png; sourceTree = "<group>"; };
		FD925B180E0F276600E92347 /* Icon.png */ = {isa = PBXFileReference; lastKnownFileType = image.png; path = Icon.png; sourceTree = "<group>"; };
		FDB96ED30DEFC9C700FAF19F /* OpenGLES.framework */ = {isa = PBXFileReference; lastKnownFileType = wrapper.framework; name = OpenGLES.framework; path = System/Library/Frameworks/OpenGLES.framework; sourceTree = SDKROOT; };
		FDB96EDF0DEFC9DC00FAF19F /* QuartzCore.framework */ = {isa = PBXFileReference; lastKnownFileType = wrapper.framework; name = QuartzCore.framework; path = System/Library/Frameworks/QuartzCore.framework; sourceTree = SDKROOT; };
		FDF0D71D0E12D2AB00247964 /* CoreAudio.framework */ = {isa = PBXFileReference; lastKnownFileType = wrapper.framework; name = CoreAudio.framework; path = System/Library/Frameworks/CoreAudio.framework; sourceTree = SDKROOT; };
		FDF0D7220E12D31800247964 /* AudioToolbox.framework */ = {isa = PBXFileReference; lastKnownFileType = wrapper.framework; name = AudioToolbox.framework; path = System/Library/Frameworks/AudioToolbox.framework; sourceTree = SDKROOT; };
/* End PBXFileReference section */

/* Begin PBXFrameworksBuildPhase section */
		1D60588F0D05DD3D006BFB54 /* Frameworks */ = {
			isa = PBXFrameworksBuildPhase;
			buildActionMask = 2147483647;
			files = (
				498CCAC61E1561AD00299D38 /* CFNetwork.framework in Frameworks */,
				498CCAC41E15618F00299D38 /* SystemConfiguration.framework in Frameworks */,
				FABA34D41D8B5E5600915323 /* AVFoundation.framework in Frameworks */,
				FD1B48DD0E313255007AB34E /* libSDL2.a in Frameworks */,
				FA8B4BA31967070A00F8EB7C /* CoreMotion.framework in Frameworks */,
				FDF0D7AB0E12D53800247964 /* CoreAudio.framework in Frameworks */,
				FDF0D7AC0E12D53800247964 /* AudioToolbox.framework in Frameworks */,
				4981975F1E15858D004ED6F3 /* menu in Frameworks */,
				1D60589F0D05DD5A006BFB54 /* Foundation.framework in Frameworks */,
				1DF5F4E00D08C38300B7A737 /* UIKit.framework in Frameworks */,
				1D3623EC0D0F72F000981E51 /* CoreGraphics.framework in Frameworks */,
				FDB96ED40DEFC9C700FAF19F /* OpenGLES.framework in Frameworks */,
				FDB96EE00DEFC9DC00FAF19F /* QuartzCore.framework in Frameworks */,
				49C4D60720781DAB00855677 /* GameController.framework in Frameworks */,
			);
			runOnlyForDeploymentPostprocessing = 0;
		};
/* End PBXFrameworksBuildPhase section */

/* Begin PBXGroup section */
		0006441D207972AC003E8361 /* empty */ = {
			isa = PBXGroup;
			children = (
				4933F8D620797AEE00D36ADC /* dummy.c */,
			);
			name = empty;
			sourceTree = "<group>";
		};
		19C28FACFE9D520D11CA2CBB /* Products */ = {
			isa = PBXGroup;
			children = (
				1D6058910D05DD3D006BFB54 /* xash3d-ios.app */,
			);
			name = Products;
			sourceTree = "<group>";
		};
		29B97314FDCFA39411CA2CEA /* CustomTemplate */ = {
			isa = PBXGroup;
			children = (
				49C052E6207984140006C0D7 /* Launch~iphone.nib */,
				49C052E5207984000006C0D7 /* Launch~ipad.nib */,
				49C052E1207983D10006C0D7 /* nibs */,
				0006441D207972AC003E8361 /* empty */,
				FD1B48920E313154007AB34E /* SDL.xcodeproj */,
				FD77A0040E26BC0500F39101 /* src */,
				29B97317FDCFA39411CA2CEA /* Resources */,
				29B97323FDCFA39411CA2CEA /* Frameworks */,
				19C28FACFE9D520D11CA2CBB /* Products */,
			);
			name = CustomTemplate;
			sourceTree = "<group>";
			usesTabs = 1;
			wrapsLines = 0;
		};
		29B97317FDCFA39411CA2CEA /* Resources */ = {
			isa = PBXGroup;
			children = (
				498197701E17BB65004ED6F3 /* extras_cstrike.pak */,
				498197651E158C0A004ED6F3 /* extras.pak */,
				4981975B1E15858D004ED6F3 /* client */,
				4981975C1E15858D004ED6F3 /* menu */,
				4981975D1E15858D004ED6F3 /* server */,
				49BD69CA1E12FAC8004904A9 /* Default@2x.png */,
				49BD69CB1E12FAC8004904A9 /* Default@2x~ipad.png */,
				49BD69CC1E12FAC8004904A9 /* Default~ipad.png */,
				FD787AA00E22A5CC003E8E36 /* Default.png */,
				FD925B180E0F276600E92347 /* Icon.png */,
				8D1107310486CEB800E47090 /* Info.plist */,
				498CCAAB1E155F1F00299D38 /* ftp_commands.plist */,
			);
			name = Resources;
			sourceTree = "<group>";
		};
		29B97323FDCFA39411CA2CEA /* Frameworks */ = {
			isa = PBXGroup;
			children = (
				498CCAC51E1561AD00299D38 /* CFNetwork.framework */,
				498CCAC31E15618F00299D38 /* SystemConfiguration.framework */,
				FABA34D71D8B5E7700915323 /* AVFoundation.framework */,
				FABA34D31D8B5E5600915323 /* AVFoundation.framework */,
				FAE0E9691BAF96A00098DFA4 /* GameController.framework */,
				FA8B4BA21967070A00F8EB7C /* CoreMotion.framework */,
				FDF0D7220E12D31800247964 /* AudioToolbox.framework */,
				FDB96EDF0DEFC9DC00FAF19F /* QuartzCore.framework */,
				FDB96ED30DEFC9C700FAF19F /* OpenGLES.framework */,
				1D3623EB0D0F72F000981E51 /* CoreGraphics.framework */,
				1DF5F4DF0D08C38300B7A737 /* UIKit.framework */,
				1D30AB110D05D00D00671497 /* Foundation.framework */,
				FDF0D71D0E12D2AB00247964 /* CoreAudio.framework */,
			);
			name = Frameworks;
			sourceTree = "<group>";
		};
		498CCAAF1E155F3900299D38 /* ftp */ = {
			isa = PBXGroup;
			children = (
				498CCAB01E155F5D00299D38 /* AsyncSocket.h */,
				498CCAB11E155F5D00299D38 /* AsyncSocket.m */,
				498CCAB21E155F5D00299D38 /* FtpConnection.h */,
				498CCAB31E155F5D00299D38 /* FtpConnection.m */,
				498CCAB41E155F5D00299D38 /* FtpDataConnection.h */,
				498CCAB51E155F5D00299D38 /* FtpDataConnection.m */,
				498CCAB61E155F5D00299D38 /* FtpDefines.h */,
				498CCAB71E155F5D00299D38 /* FtpServer.h */,
				498CCAB81E155F5D00299D38 /* FtpServer.m */,
				498CCABD1E155F6D00299D38 /* list.h */,
				498CCABE1E155F6D00299D38 /* list.m */,
				498CCABF1E155F6D00299D38 /* NetworkController.h */,
				498CCAC01E155F6D00299D38 /* NetworkController.m */,
			);
			name = ftp;
			sourceTree = "<group>";
		};
		FD1B48930E313154007AB34E /* Products */ = {
			isa = PBXGroup;
			children = (
				FD1B489E0E313154007AB34E /* libSDL2.a */,
				FA30DEAC1BBF59D9009C397F /* libSDL2.a */,
			);
			name = Products;
			sourceTree = "<group>";
		};
		FD77A0040E26BC0500F39101 /* src */ = {
			isa = PBXGroup;
			children = (
				498CCAAF1E155F3900299D38 /* ftp */,
				495E1A191E13199A0022E4AA /* launchdialog.m */,
				499F35212079299E00998405 /* Launch.xib */,
			);
			path = src;
			sourceTree = "<group>";
		};
/* End PBXGroup section */

/* Begin PBXNativeTarget section */
		1D6058900D05DD3D006BFB54 /* xash3d-ios */ = {
			isa = PBXNativeTarget;
			buildConfigurationList = 1D6058960D05DD3E006BFB54 /* Build configuration list for PBXNativeTarget "xash3d-ios" */;
			buildPhases = (
				1D60588D0D05DD3D006BFB54 /* Resources */,
				1D60588E0D05DD3D006BFB54 /* Sources */,
				1D60588F0D05DD3D006BFB54 /* Frameworks */,
			);
			buildRules = (
			);
			dependencies = (
				049F3695130CD86800FF080F /* PBXTargetDependency */,
			);
			name = "xash3d-ios";
			productName = SDLiPodTest;
			productReference = 1D6058910D05DD3D006BFB54 /* xash3d-ios.app */;
			productType = "com.apple.product-type.application";
		};
/* End PBXNativeTarget section */

/* Begin PBXProject section */
		29B97313FDCFA39411CA2CEA /* Project object */ = {
			isa = PBXProject;
			attributes = {
				LastUpgradeCheck = 0630;
				TargetAttributes = {
					1D6058900D05DD3D006BFB54 = {
						DevelopmentTeam = 227G772SBH;
						ProvisioningStyle = Automatic;
					};
				};
			};
			buildConfigurationList = C01FCF4E08A954540054247B /* Build configuration list for PBXProject "xash3d-engine" */;
			compatibilityVersion = "Xcode 3.2";
			developmentRegion = English;
			hasScannedForEncodings = 1;
			knownRegions = (
				English,
				Japanese,
				French,
				German,
				Base,
			);
			mainGroup = 29B97314FDCFA39411CA2CEA /* CustomTemplate */;
			projectDirPath = "";
			projectReferences = (
				{
					ProductGroup = FD1B48930E313154007AB34E /* Products */;
					ProjectRef = FD1B48920E313154007AB34E /* SDL.xcodeproj */;
				},
			);
			projectRoot = "";
			targets = (
				1D6058900D05DD3D006BFB54 /* xash3d-ios */,
			);
		};
/* End PBXProject section */

/* Begin PBXReferenceProxy section */
		FA30DEAC1BBF59D9009C397F /* libSDL2.a */ = {
			isa = PBXReferenceProxy;
			fileType = archive.ar;
			path = libSDL2.a;
			remoteRef = FA30DEAB1BBF59D9009C397F /* PBXContainerItemProxy */;
			sourceTree = BUILT_PRODUCTS_DIR;
		};
		FD1B489E0E313154007AB34E /* libSDL2.a */ = {
			isa = PBXReferenceProxy;
			fileType = archive.ar;
			path = libSDL2.a;
			remoteRef = FD1B489D0E313154007AB34E /* PBXContainerItemProxy */;
			sourceTree = BUILT_PRODUCTS_DIR;
		};
/* End PBXReferenceProxy section */

/* Begin PBXResourcesBuildPhase section */
		1D60588D0D05DD3D006BFB54 /* Resources */ = {
			isa = PBXResourcesBuildPhase;
			buildActionMask = 2147483647;
			files = (
				49C052E7207984140006C0D7 /* Launch~iphone.nib in Resources */,
				49C052E8207984460006C0D7 /* Launch~ipad.nib in Resources */,
				498197711E17BB65004ED6F3 /* extras_cstrike.pak in Resources */,
				498197631E15881C004ED6F3 /* menu in Resources */,
				498197641E15881C004ED6F3 /* server in Resources */,
				498197621E15880F004ED6F3 /* client in Resources */,
				498197661E158C0A004ED6F3 /* extras.pak in Resources */,
				FD925B1B0E0F276600E92347 /* Icon.png in Resources */,
				49BD69CD1E12FAC8004904A9 /* Default@2x.png in Resources */,
				498CCAAC1E155F1F00299D38 /* ftp_commands.plist in Resources */,
				FD787AA20E22A5CC003E8E36 /* Default.png in Resources */,
				49BD69CE1E12FAC8004904A9 /* Default@2x~ipad.png in Resources */,
				49BD69CF1E12FAC8004904A9 /* Default~ipad.png in Resources */,
			);
			runOnlyForDeploymentPostprocessing = 0;
		};
/* End PBXResourcesBuildPhase section */

/* Begin PBXSourcesBuildPhase section */
		1D60588E0D05DD3D006BFB54 /* Sources */ = {
			isa = PBXSourcesBuildPhase;
			buildActionMask = 2147483647;
			files = (
				498CCABC1E155F5D00299D38 /* FtpServer.m in Sources */,
				498CCABB1E155F5D00299D38 /* FtpDataConnection.m in Sources */,
				498CCAC11E155F6D00299D38 /* list.m in Sources */,
				495E1A1A1E13199A0022E4AA /* launchdialog.m in Sources */,
				498CCABA1E155F5D00299D38 /* FtpConnection.m in Sources */,
				498CCAB91E155F5D00299D38 /* AsyncSocket.m in Sources */,
				498CCAC21E155F6D00299D38 /* NetworkController.m in Sources */,
			);
			runOnlyForDeploymentPostprocessing = 0;
		};
/* End PBXSourcesBuildPhase section */

/* Begin PBXTargetDependency section */
		049F3695130CD86800FF080F /* PBXTargetDependency */ = {
			isa = PBXTargetDependency;
			name = libSDL;
			targetProxy = 049F3694130CD86800FF080F /* PBXContainerItemProxy */;
		};
/* End PBXTargetDependency section */

/* Begin XCBuildConfiguration section */
		1D6058940D05DD3E006BFB54 /* Debug */ = {
			isa = XCBuildConfiguration;
			buildSettings = {
				DEVELOPMENT_TEAM = 227G772SBH;
				GCC_OPTIMIZATION_LEVEL = fast;
				GCC_UNROLL_LOOPS = YES;
				"GCC_OPTIMIZATION_LEVEL[arch=arm64]" = 1;
				"GCC_UNROLL_LOOPS[arch=arm64]" = NO;
				HEADER_SEARCH_PATHS = (
					SDL/include,
					xash3d/common,
					xash3d/engine/common/soundlib/libmpg,
					"xash3d/engine/**",
					xash3d/pm_shared,
					nanogl,
					nanogl/GL,
					xash3d/engine/common,
				);
				INFOPLIST_FILE = Info.plist;
				IPHONEOS_DEPLOYMENT_TARGET = 6.0;
				LIBRARY_SEARCH_PATHS = (
					"$(inherited)",
					"$(PROJECT_DIR)",
				);
				OTHER_CFLAGS = (
					"-DXASH_SDL",
					"-DXASH_NANOGL",
					"-DXASH_GLES",
					"-DXASH_FORCEINLINE",
					"-DXASH_SDLMAIN",
					"-DSINGLE_BINARY",
					"-DXASH_RELEASE",
					"-D__MULTITEXTURE_SUPPORT__",
				);
				"OTHER_CFLAGS[arch=arm64]" = (
					"-DXASH_SDL",
					"-DXASH_NANOGL",
					"-DXASH_GLES",
					"-DXASH_FORCEINLINE",
					"-DXASH_SDLMAIN",
					"-DSINGLE_BINARY",
					"-D__MULTITEXTURE_SUPPORT__",
				);
				"OTHER_CFLAGS[arch=armv7]" = (
					"-DXASH_SDL",
					"-DXASH_NANOGL",
					"-DXASH_GLES",
					"-DXASH_FORCEINLINE",
					"-DXASH_FASTSTR",
					"-DXASH_SDLMAIN",
					"-DSINGLE_BINARY",
					"-Ofast",
					"-mtune=cortex-a9",
					"-mcpu=cortex-a9",
					"-mfpu=neon",
					"-DHAVE_EFFICIENT_UNALIGNED_ACCESS",
					"-DVECTORIZE_SINCOS",
					"-ftree-vectorize",
					"-D__MULTITEXTURE_SUPPORT__",
				);
				PRODUCT_BUNDLE_IDENTIFIER = "su.FWGS.xash3d-ios";
				PRODUCT_NAME = "xash3d-ios";
				TARGETED_DEVICE_FAMILY = "1,2";
				VALID_ARCHS = "armv7 arm64 i386 x86_64";
			};
			name = Debug;
		};
		C01FCF4F08A954540054247B /* Debug */ = {
			isa = XCBuildConfiguration;
			buildSettings = {
				"CODE_SIGN_IDENTITY[sdk=iphoneos*]" = "iPhone Developer";
				GCC_OPTIMIZATION_LEVEL = 0;
				HEADER_SEARCH_PATHS = ../../include;
				ONLY_ACTIVE_ARCH = YES;
				PRELINK_LIBS = "";
				SDKROOT = iphoneos;
				TARGETED_DEVICE_FAMILY = "1,2";
			};
			name = Debug;
		};
/* End XCBuildConfiguration section */

/* Begin XCConfigurationList section */
		1D6058960D05DD3E006BFB54 /* Build configuration list for PBXNativeTarget "xash3d-ios" */ = {
			isa = XCConfigurationList;
			buildConfigurations = (
				1D6058940D05DD3E006BFB54 /* Debug */,
			);
			defaultConfigurationIsVisible = 0;
			defaultConfigurationName = Debug;
		};
		C01FCF4E08A954540054247B /* Build configuration list for PBXProject "xash3d-engine" */ = {
			isa = XCConfigurationList;
			buildConfigurations = (
				C01FCF4F08A954540054247B /* Debug */,
			);
			defaultConfigurationIsVisible = 0;
			defaultConfigurationName = Debug;
		};
/* End XCConfigurationList section */
	};
	rootObject = 29B97313FDCFA39411CA2CEA /* Project object */;
}
